<?xml version="1.0" encoding="utf-8"?>
<Project ToolsVersion="4.0" xmlns="http://schemas.microsoft.com/developer/msbuild/2003">
  <ItemGroup>
    <Filter Include="Source Files">
      <UniqueIdentifier>{4FC737F1-C7A5-4376-A066-2A32D752A2FF}</UniqueIdentifier>
      <Extensions>cpp;c;cc;cxx;def;odl;idl;hpj;bat;asm;asmx</Extensions>
    </Filter>
    <Filter Include="Header Files">
      <UniqueIdentifier>{93995380-89BD-4b04-88EB-625FBE52EBFB}</UniqueIdentifier>
      <Extensions>h;hpp;hxx;hm;inl;inc;xsd</Extensions>
    </Filter>
    <Filter Include="Resource Files">
      <UniqueIdentifier>{67DA6AB6-F800-4c08-8B7A-83BB121AAD01}</UniqueIdentifier>
      <Extensions>rc;ico;cur;bmp;dlg;rc2;rct;bin;rgs;gif;jpg;jpeg;jpe;resx;tiff;tif;png;wav;mfcribbon-ms</Extensions>
    </Filter>
  </ItemGroup>
  <ItemGroup>
    <ClInclude Include="include\indigo\Font.h">
      <Filter>Header Files</Filter>
    </ClInclude>
    <ClInclude Include="include\indigo\Image.h">
      <Filter>Header Files</Filter>
    </ClInclude>
    <ClInclude Include="include\indigo\ImageLayer.h">
      <Filter>Header Files</Filter>
    </ClInclude>
    <ClInclude Include="include\indigo\Pipe.h">
      <Filter>Header Files</Filter>
    </ClInclude>
    <ClInclude Include="include\indigo\Quad.h">
      <Filter>Header Files</Filter>
    </ClInclude>
    <ClInclude Include="include\indigo\Render.h">
      <Filter>Header Files</Filter>
    </ClInclude>
    <ClInclude Include="include\indigo\Resource.h">
      <Filter>Header Files</Filter>
    </ClInclude>
    <ClInclude Include="include\indigo\ShaderPool.h">
      <Filter>Header Files</Filter>
    </ClInclude>
    <ClInclude Include="include\indigo\Thread.h">
      <Filter>Header Files</Filter>
    </ClInclude>
    <ClInclude Include="include\indigo\Window.h">
      <Filter>Header Files</Filter>
    </ClInclude>
    <ClInclude Include="include\indigo\ZipResource.h">
      <Filter>Header Files</Filter>
    </ClInclude>
    <ClInclude Include="include\indigo\ui\UIButton.h">
      <Filter>Header Files</Filter>
    </ClInclude>
    <ClInclude Include="include\indigo\ui\UIDialog.h">
      <Filter>Header Files</Filter>
    </ClInclude>
    <ClInclude Include="include\indigo\ui\UIImage.h">
      <Filter>Header Files</Filter>
    </ClInclude>
    <ClInclude Include="include\indigo\ui\UILabel.h">
      <Filter>Header Files</Filter>
    </ClInclude>
    <ClInclude Include="include\indigo\ui\UILayer.h">
      <Filter>Header Files</Filter>
    </ClInclude>
    <ClInclude Include="include\indigo\ui\UILoader.h">
      <Filter>Header Files</Filter>
    </ClInclude>
    <ClInclude Include="include\indigo\ui\UINinePatch.h">
      <Filter>Header Files</Filter>
    </ClInclude>
    <ClInclude Include="include\indigo\ui\UIPanel.h">
      <Filter>Header Files</Filter>
    </ClInclude>
    <ClInclude Include="include\indigo\ui\UISizer.h">
      <Filter>Header Files</Filter>
    </ClInclude>
    <ClInclude Include="include\indigo\ui\UIWidget.h">
      <Filter>Header Files</Filter>
    </ClInclude>
    <ClInclude Include="resources\resource.h">
      <Filter>Resource Files</Filter>
    </ClInclude>
    <ClInclude Include="src\Common.h">
      <Filter>Header Files</Filter>
    </ClInclude>
    <ClInclude Include="include\indigo\Layer.h">
      <Filter>Header Files</Filter>
    </ClInclude>
    <ClInclude Include="include\indigo\Parser.h">
      <Filter>Header Files</Filter>
    </ClInclude>
  </ItemGroup>
  <ItemGroup>
    <ResourceCompile Include="resources\indigo.rc">
      <Filter>Resource Files</Filter>
    </ResourceCompile>
  </ItemGroup>
  <ItemGroup>
    <ClCompile Include="resources\StaticResources.cpp">
      <Filter>Source Files</Filter>
    </ClCompile>
    <ClCompile Include="src\Font.cpp">
      <Filter>Source Files</Filter>
    </ClCompile>
    <ClCompile Include="src\Image.cpp">
      <Filter>Source Files</Filter>
    </ClCompile>
    <ClCompile Include="src\ImageLayer.cpp">
      <Filter>Source Files</Filter>
    </ClCompile>
    <ClCompile Include="src\Pipe.cpp">
      <Filter>Source Files</Filter>
    </ClCompile>
    <ClCompile Include="src\Quad.cpp">
      <Filter>Source Files</Filter>
    </ClCompile>
    <ClCompile Include="src\Render.cpp">
      <Filter>Source Files</Filter>
    </ClCompile>
    <ClCompile Include="src\ShaderPool.cpp">
      <Filter>Source Files</Filter>
    </ClCompile>
    <ClCompile Include="src\Thread.cpp">
      <Filter>Source Files</Filter>
    </ClCompile>
    <ClCompile Include="src\Window.cpp">
      <Filter>Source Files</Filter>
    </ClCompile>
    <ClCompile Include="src\ZipResource.cpp">
      <Filter>Source Files</Filter>
    </ClCompile>
    <ClCompile Include="src\ui\UIButton.cpp">
      <Filter>Source Files</Filter>
    </ClCompile>
    <ClCompile Include="src\ui\UIDialog.cpp">
      <Filter>Source Files</Filter>
    </ClCompile>
    <ClCompile Include="src\ui\UIImage.cpp">
      <Filter>Source Files</Filter>
    </ClCompile>
    <ClCompile Include="src\ui\UILabel.cpp">
      <Filter>Source Files</Filter>
    </ClCompile>
    <ClCompile Include="src\ui\UILayer.cpp">
      <Filter>Source Files</Filter>
    </ClCompile>
    <ClCompile Include="src\ui\UILoader.cpp">
      <Filter>Source Files</Filter>
    </ClCompile>
    <ClCompile Include="src\ui\UINinePatch.cpp">
      <Filter>Source Files</Filter>
    </ClCompile>
    <ClCompile Include="src\ui\UIPanel.cpp">
      <Filter>Source Files</Filter>
    </ClCompile>
    <ClCompile Include="src\ui\UISizer.cpp">
      <Filter>Source Files</Filter>
    </ClCompile>
    <ClCompile Include="src\ui\UIWidget.cpp">
      <Filter>Source Files</Filter>
    </ClCompile>
    <ClCompile Include="src\Layer.cpp">
      <Filter>Source Files</Filter>
    </ClCompile>
    <ClCompile Include="src\Parser.cpp">
      <Filter>Source Files</Filter>
    </ClCompile>
  </ItemGroup>
  <ItemGroup>
    <None Include="resources\2d_colour.vert">
      <Filter>Resource Files</Filter>
    </None>
    <None Include="resources\alpha_blend.frag">
      <Filter>Resource Files</Filter>
    </None>
    <None Include="resources\colour_blend.frag">
      <Filter>Resource Files</Filter>
    </None>
  </ItemGroup>
</Project>